<?xml version="1.0" encoding="UTF-8" standalone="yes" ?>
<CodeBlocks_project_file>
	<FileVersion major="1" minor="6" />
	<Project>
		<Option title="Whiteboard" />
		<Option pch_mode="2" />
		<Option compiler="gcc" />
		<Build>
			<Target title="Release">
				<Option output="bin/Release/Whiteboard" prefix_auto="1" extension_auto="1" />
				<Option object_output="obj/Release/" />
				<Option type="1" />
				<Option compiler="gcc" />
				<Compiler>
					<Add option="-O2" />
				</Compiler>
				<Linker>
					<Add option="-s" />
				</Linker>
			</Target>
		</Build>
		<Compiler>
			<Add option="-Wall" />
			<Add option="-fexceptions" />
		</Compiler>
		<Unit filename=".gitignore" />
		<Unit filename="README.md" />
		<Unit filename="src/Assignment.cpp" />
		<Unit filename="src/Assignment.h" />
		<Unit filename="src/AssignmentType.h" />
		<Unit filename="src/Assignments.cpp" />
		<Unit filename="src/Assignments.h" />
		<Unit filename="src/Student.cpp" />
		<Unit filename="src/Student.h" />
		<Unit filename="src/W06L.cpp" />
		<Unit filename="src/main.cpp" />
		<Unit filename="src/whiteboard.cpp" />
		<Unit filename="src/whiteboard.h" />
		<Extensions>
			<code_completion />
			<envvars />
			<debugger />
			<lib_finder disable_auto="1" />
		</Extensions>
	</Project>
</CodeBlocks_project_file>
